
Microsoft Visual Studio Solution File, Format Version 12.00
# Visual Studio Version 16
VisualStudioVersion = 16.0.29306.81
MinimumVisualStudioVersion = 10.0.40219.1
Project("{FAE04EC0-301F-11D3-BF4B-00C04F79EFBC}") = "BinaryTree", "BinaryTree\BinaryTree.csproj", "{B856B649-7D0B-4534-91CC-E0DB7319CF2B}"
EndProject
Global
	GlobalSection(SolutionConfigurationPlatforms) = preSolution
		Debug|Any CPU = Debug|Any CPU
		Release|Any CPU = Release|Any CPU
	EndGlobalSection
	GlobalSection(ProjectConfigurationPlatforms) = postSolution
		{B856B649-7D0B-4534-91CC-E0DB7319CF2B}.Debug|Any CPU.ActiveCfg = Debug|Any CPU
		{B856B649-7D0B-4534-91CC-E0DB7319CF2B}.Debug|Any CPU.Build.0 = Debug|Any CPU
		{B856B649-7D0B-4534-91CC-E0DB7319CF2B}.Release|Any CPU.ActiveCfg = Release|Any CPU
		{B856B649-7D0B-4534-91CC-E0DB7319CF2B}.Release|Any CPU.Build.0 = Release|Any CPU
	EndGlobalSection
	GlobalSection(SolutionProperties) = preSolution
		HideSolutionNode = FALSE
	EndGlobalSection
	GlobalSection(ExtensibilityGlobals) = postSolution
		SolutionGuid = {01F59FB8-55B5-46BD-9A52-F2A33739FF7F}
	EndGlobalSection
EndGlobal
